
Microsoft Visual Studio Solution File, Format Version 12.00
Project("{FAE04EC0-301F-11D3-BF4B-00C04F79EFBC}") = "CocoaStore.Vendas.Domain", "src\CocoaStore.Vendas.Domain\CocoaStore.Vendas.Domain.csproj", "{7B6D2045-EB5A-4897-8D77-D8B7209A65E7}"
EndProject
Project("{2150E333-8FDC-42A3-9474-1A3956D46DE8}") = "src", "src", "{F82617E1-6605-445C-8AF5-4146ACD0CF46}"
EndProject
Project("{2150E333-8FDC-42A3-9474-1A3956D46DE8}") = "tests", "tests", "{2FE1F5E1-2B87-4BC1-AF1C-D1C0445EC780}"
EndProject
Project("{2150E333-8FDC-42A3-9474-1A3956D46DE8}") = "Vendas", "Vendas", "{556972CC-95C1-4B18-BDE4-FE5B2ECA7A4B}"
EndProject
Project("{FAE04EC0-301F-11D3-BF4B-00C04F79EFBC}") = "CocoaStore.Vendas.Unit.Tests", "src\CocoaStore.Vendas.Unit.Tests\CocoaStore.Vendas.Unit.Tests.csproj", "{93E384B1-5DFB-4D23-9D5B-BE2193756C15}"
EndProject
Project("{FAE04EC0-301F-11D3-BF4B-00C04F79EFBC}") = "CocoaStore.Vendas.Integration.Tests", "src\CocoaStore.Vendas.Integration.Tests\CocoaStore.Vendas.Integration.Tests.csproj", "{A10CD6F1-4B06-49E2-984A-F44ED8241CAB}"
EndProject
Project("{2150E333-8FDC-42A3-9474-1A3956D46DE8}") = "Estoque", "Estoque", "{45741919-B13C-4649-B3FB-348B35674125}"
EndProject
Project("{FAE04EC0-301F-11D3-BF4B-00C04F79EFBC}") = "CocoaStore.Vendas.Infra", "src\CocoaStore.Vendas.Infra\CocoaStore.Vendas.Infra.csproj", "{C9BE1FED-DCEB-4C94-93D9-CA99379739B1}"
EndProject
Project("{FAE04EC0-301F-11D3-BF4B-00C04F79EFBC}") = "CocoaStore.Vendas.Services", "src\CocoaStore.Vendas.Services\CocoaStore.Vendas.Services.csproj", "{747B99A4-5EE3-4F12-AB71-E437FB2A4A39}"
EndProject
Global
	GlobalSection(SolutionConfigurationPlatforms) = preSolution
		Debug|Any CPU = Debug|Any CPU
		Release|Any CPU = Release|Any CPU
	EndGlobalSection
	GlobalSection(ProjectConfigurationPlatforms) = postSolution
		{7B6D2045-EB5A-4897-8D77-D8B7209A65E7}.Debug|Any CPU.ActiveCfg = Debug|Any CPU
		{7B6D2045-EB5A-4897-8D77-D8B7209A65E7}.Debug|Any CPU.Build.0 = Debug|Any CPU
		{7B6D2045-EB5A-4897-8D77-D8B7209A65E7}.Release|Any CPU.ActiveCfg = Release|Any CPU
		{7B6D2045-EB5A-4897-8D77-D8B7209A65E7}.Release|Any CPU.Build.0 = Release|Any CPU
		{93E384B1-5DFB-4D23-9D5B-BE2193756C15}.Debug|Any CPU.ActiveCfg = Debug|Any CPU
		{93E384B1-5DFB-4D23-9D5B-BE2193756C15}.Debug|Any CPU.Build.0 = Debug|Any CPU
		{93E384B1-5DFB-4D23-9D5B-BE2193756C15}.Release|Any CPU.ActiveCfg = Release|Any CPU
		{93E384B1-5DFB-4D23-9D5B-BE2193756C15}.Release|Any CPU.Build.0 = Release|Any CPU
		{A10CD6F1-4B06-49E2-984A-F44ED8241CAB}.Debug|Any CPU.ActiveCfg = Debug|Any CPU
		{A10CD6F1-4B06-49E2-984A-F44ED8241CAB}.Debug|Any CPU.Build.0 = Debug|Any CPU
		{A10CD6F1-4B06-49E2-984A-F44ED8241CAB}.Release|Any CPU.ActiveCfg = Release|Any CPU
		{A10CD6F1-4B06-49E2-984A-F44ED8241CAB}.Release|Any CPU.Build.0 = Release|Any CPU
		{C9BE1FED-DCEB-4C94-93D9-CA99379739B1}.Debug|Any CPU.ActiveCfg = Debug|Any CPU
		{C9BE1FED-DCEB-4C94-93D9-CA99379739B1}.Debug|Any CPU.Build.0 = Debug|Any CPU
		{C9BE1FED-DCEB-4C94-93D9-CA99379739B1}.Release|Any CPU.ActiveCfg = Release|Any CPU
		{C9BE1FED-DCEB-4C94-93D9-CA99379739B1}.Release|Any CPU.Build.0 = Release|Any CPU
		{747B99A4-5EE3-4F12-AB71-E437FB2A4A39}.Debug|Any CPU.ActiveCfg = Debug|Any CPU
		{747B99A4-5EE3-4F12-AB71-E437FB2A4A39}.Debug|Any CPU.Build.0 = Debug|Any CPU
		{747B99A4-5EE3-4F12-AB71-E437FB2A4A39}.Release|Any CPU.ActiveCfg = Release|Any CPU
		{747B99A4-5EE3-4F12-AB71-E437FB2A4A39}.Release|Any CPU.Build.0 = Release|Any CPU
	EndGlobalSection
	GlobalSection(NestedProjects) = preSolution
		{556972CC-95C1-4B18-BDE4-FE5B2ECA7A4B} = {F82617E1-6605-445C-8AF5-4146ACD0CF46}
		{7B6D2045-EB5A-4897-8D77-D8B7209A65E7} = {556972CC-95C1-4B18-BDE4-FE5B2ECA7A4B}
		{93E384B1-5DFB-4D23-9D5B-BE2193756C15} = {2FE1F5E1-2B87-4BC1-AF1C-D1C0445EC780}
		{A10CD6F1-4B06-49E2-984A-F44ED8241CAB} = {2FE1F5E1-2B87-4BC1-AF1C-D1C0445EC780}
		{45741919-B13C-4649-B3FB-348B35674125} = {F82617E1-6605-445C-8AF5-4146ACD0CF46}
		{C9BE1FED-DCEB-4C94-93D9-CA99379739B1} = {556972CC-95C1-4B18-BDE4-FE5B2ECA7A4B}
		{747B99A4-5EE3-4F12-AB71-E437FB2A4A39} = {556972CC-95C1-4B18-BDE4-FE5B2ECA7A4B}
	EndGlobalSection
EndGlobal
